
Microsoft Visual Studio Solution File, Format Version 12.00
# Visual Studio Version 16
VisualStudioVersion = 16.0.30320.27
MinimumVisualStudioVersion = 10.0.40219.1
Project("{FAE04EC0-301F-11D3-BF4B-00C04F79EFBC}") = "Capstone1", "Capstone1\Capstone1.csproj", "{D5049A46-4EBF-4ADC-A34F-0FAC58AF50A3}"
EndProject
Global
	GlobalSection(SolutionConfigurationPlatforms) = preSolution
		Debug|Any CPU = Debug|Any CPU
		Release|Any CPU = Release|Any CPU
	EndGlobalSection
	GlobalSection(ProjectConfigurationPlatforms) = postSolution
		{D5049A46-4EBF-4ADC-A34F-0FAC58AF50A3}.Debug|Any CPU.ActiveCfg = Debug|Any CPU
		{D5049A46-4EBF-4ADC-A34F-0FAC58AF50A3}.Debug|Any CPU.Build.0 = Debug|Any CPU
		{D5049A46-4EBF-4ADC-A34F-0FAC58AF50A3}.Release|Any CPU.ActiveCfg = Release|Any CPU
		{D5049A46-4EBF-4ADC-A34F-0FAC58AF50A3}.Release|Any CPU.Build.0 = Release|Any CPU
	EndGlobalSection
	GlobalSection(SolutionProperties) = preSolution
		HideSolutionNode = FALSE
	EndGlobalSection
	GlobalSection(ExtensibilityGlobals) = postSolution
		SolutionGuid = {ECEC27B9-D256-4171-97D6-4DAAC992ED45}
	EndGlobalSection
EndGlobal
